
Microsoft Visual Studio Solution File, Format Version 12.00
# Visual Studio Version 16
VisualStudioVersion = 16.0.31025.194
MinimumVisualStudioVersion = 10.0.40219.1
Project("{9A19103F-16F7-4668-BE54-9A1E7A4F7556}") = "KampIntro", "KampIntro\KampIntro.csproj", "{8E789BDC-B7A0-41D4-94A8-095DD076D90C}"
EndProject
Project("{9A19103F-16F7-4668-BE54-9A1E7A4F7556}") = "Donguler", "Donguler\Donguler.csproj", "{16C1C509-DB73-4AA4-A825-E3D07FA40516}"
EndProject
Project("{9A19103F-16F7-4668-BE54-9A1E7A4F7556}") = "ClassIntro", "ClassIntro\ClassIntro.csproj", "{5C4CC856-CC02-41EA-8940-20DCB4905A22}"
EndProject
Project("{FAE04EC0-301F-11D3-BF4B-00C04F79EFBC}") = "Metotlar", "Metotlar\Metotlar.csproj", "{ED8DFC8E-A734-4C8C-BA60-796F4038BFF2}"
EndProject
Project("{FAE04EC0-301F-11D3-BF4B-00C04F79EFBC}") = "Matematik", "Matematik\Matematik.csproj", "{8C7EAC7F-4E1B-4A64-8829-F45D2543A04A}"
EndProject
Project("{FAE04EC0-301F-11D3-BF4B-00C04F79EFBC}") = "DegerVeReferansTipler", "DegerVeReferansTipler\DegerVeReferansTipler.csproj", "{07B3D258-8390-43F2-9905-030CDDA56235}"
EndProject
Global
	GlobalSection(SolutionConfigurationPlatforms) = preSolution
		Debug|Any CPU = Debug|Any CPU
		Release|Any CPU = Release|Any CPU
	EndGlobalSection
	GlobalSection(ProjectConfigurationPlatforms) = postSolution
		{8E789BDC-B7A0-41D4-94A8-095DD076D90C}.Debug|Any CPU.ActiveCfg = Debug|Any CPU
		{8E789BDC-B7A0-41D4-94A8-095DD076D90C}.Debug|Any CPU.Build.0 = Debug|Any CPU
		{8E789BDC-B7A0-41D4-94A8-095DD076D90C}.Release|Any CPU.ActiveCfg = Release|Any CPU
		{8E789BDC-B7A0-41D4-94A8-095DD076D90C}.Release|Any CPU.Build.0 = Release|Any CPU
		{16C1C509-DB73-4AA4-A825-E3D07FA40516}.Debug|Any CPU.ActiveCfg = Debug|Any CPU
		{16C1C509-DB73-4AA4-A825-E3D07FA40516}.Debug|Any CPU.Build.0 = Debug|Any CPU
		{16C1C509-DB73-4AA4-A825-E3D07FA40516}.Release|Any CPU.ActiveCfg = Release|Any CPU
		{16C1C509-DB73-4AA4-A825-E3D07FA40516}.Release|Any CPU.Build.0 = Release|Any CPU
		{5C4CC856-CC02-41EA-8940-20DCB4905A22}.Debug|Any CPU.ActiveCfg = Debug|Any CPU
		{5C4CC856-CC02-41EA-8940-20DCB4905A22}.Debug|Any CPU.Build.0 = Debug|Any CPU
		{5C4CC856-CC02-41EA-8940-20DCB4905A22}.Release|Any CPU.ActiveCfg = Release|Any CPU
		{5C4CC856-CC02-41EA-8940-20DCB4905A22}.Release|Any CPU.Build.0 = Release|Any CPU
		{ED8DFC8E-A734-4C8C-BA60-796F4038BFF2}.Debug|Any CPU.ActiveCfg = Debug|Any CPU
		{ED8DFC8E-A734-4C8C-BA60-796F4038BFF2}.Debug|Any CPU.Build.0 = Debug|Any CPU
		{ED8DFC8E-A734-4C8C-BA60-796F4038BFF2}.Release|Any CPU.ActiveCfg = Release|Any CPU
		{ED8DFC8E-A734-4C8C-BA60-796F4038BFF2}.Release|Any CPU.Build.0 = Release|Any CPU
		{8C7EAC7F-4E1B-4A64-8829-F45D2543A04A}.Debug|Any CPU.ActiveCfg = Debug|Any CPU
		{8C7EAC7F-4E1B-4A64-8829-F45D2543A04A}.Debug|Any CPU.Build.0 = Debug|Any CPU
		{8C7EAC7F-4E1B-4A64-8829-F45D2543A04A}.Release|Any CPU.ActiveCfg = Release|Any CPU
		{8C7EAC7F-4E1B-4A64-8829-F45D2543A04A}.Release|Any CPU.Build.0 = Release|Any CPU
		{07B3D258-8390-43F2-9905-030CDDA56235}.Debug|Any CPU.ActiveCfg = Debug|Any CPU
		{07B3D258-8390-43F2-9905-030CDDA56235}.Debug|Any CPU.Build.0 = Debug|Any CPU
		{07B3D258-8390-43F2-9905-030CDDA56235}.Release|Any CPU.ActiveCfg = Release|Any CPU
		{07B3D258-8390-43F2-9905-030CDDA56235}.Release|Any CPU.Build.0 = Release|Any CPU
	EndGlobalSection
	GlobalSection(SolutionProperties) = preSolution
		HideSolutionNode = FALSE
	EndGlobalSection
	GlobalSection(ExtensibilityGlobals) = postSolution
		SolutionGuid = {E17EAF2C-2FD6-4749-BE51-C8CD6F668FD5}
	EndGlobalSection
EndGlobal
